
Microsoft Visual Studio Solution File, Format Version 12.00
# Visual Studio Version 16
VisualStudioVersion = 16.0.30611.23
MinimumVisualStudioVersion = 10.0.40219.1
Project("{FAE04EC0-301F-11D3-BF4B-00C04F79EFBC}") = "StateReportTool", "StateReportTool\StateReportTool.csproj", "{D6BF3AD7-B244-4EE8-8D4E-56D4B7976822}"
EndProject
Global
	GlobalSection(SolutionConfigurationPlatforms) = preSolution
		Debug|Any CPU = Debug|Any CPU
		Release|Any CPU = Release|Any CPU
	EndGlobalSection
	GlobalSection(ProjectConfigurationPlatforms) = postSolution
		{D6BF3AD7-B244-4EE8-8D4E-56D4B7976822}.Debug|Any CPU.ActiveCfg = Debug|Any CPU
		{D6BF3AD7-B244-4EE8-8D4E-56D4B7976822}.Debug|Any CPU.Build.0 = Debug|Any CPU
		{D6BF3AD7-B244-4EE8-8D4E-56D4B7976822}.Release|Any CPU.ActiveCfg = Release|Any CPU
		{D6BF3AD7-B244-4EE8-8D4E-56D4B7976822}.Release|Any CPU.Build.0 = Release|Any CPU
	EndGlobalSection
	GlobalSection(SolutionProperties) = preSolution
		HideSolutionNode = FALSE
	EndGlobalSection
	GlobalSection(ExtensibilityGlobals) = postSolution
		SolutionGuid = {7F11BB5A-33C9-4BCC-A9F8-F6DA2ED7479F}
	EndGlobalSection
EndGlobal
